
Microsoft Visual Studio Solution File, Format Version 12.00
# Visual Studio Version 17
VisualStudioVersion = 17.14.36221.1 d17.14
MinimumVisualStudioVersion = 10.0.40219.1
Project("{FAE04EC0-301F-11D3-BF4B-00C04F79EFBC}") = "CrystalReportsBackendWPS_Framework", "CrystalReportsBackendWPS_Framework\CrystalReportsBackendWPS_Framework.csproj", "{D0DBF957-2138-4C29-8B6C-51CE92517E4F}"
EndProject
Global
	GlobalSection(SolutionConfigurationPlatforms) = preSolution
		Debug|Any CPU = Debug|Any CPU
		Release|Any CPU = Release|Any CPU
	EndGlobalSection
	GlobalSection(ProjectConfigurationPlatforms) = postSolution
		{D0DBF957-2138-4C29-8B6C-51CE92517E4F}.Debug|Any CPU.ActiveCfg = Debug|Any CPU
		{D0DBF957-2138-4C29-8B6C-51CE92517E4F}.Debug|Any CPU.Build.0 = Debug|Any CPU
		{D0DBF957-2138-4C29-8B6C-51CE92517E4F}.Release|Any CPU.ActiveCfg = Release|Any CPU
		{D0DBF957-2138-4C29-8B6C-51CE92517E4F}.Release|Any CPU.Build.0 = Release|Any CPU
	EndGlobalSection
	GlobalSection(SolutionProperties) = preSolution
		HideSolutionNode = FALSE
	EndGlobalSection
	GlobalSection(ExtensibilityGlobals) = postSolution
		SolutionGuid = {17DC61D0-B799-4E3A-A7AF-FF8EFBE268D8}
	EndGlobalSection
EndGlobal
